
Microsoft Visual Studio Solution File, Format Version 12.00
# Visual Studio 15
VisualStudioVersion = 15.0.28010.2016
MinimumVisualStudioVersion = 10.0.40219.1
Project("{FAE04EC0-301F-11D3-BF4B-00C04F79EFBC}") = "CuentasReporte", "CuentasReporte\CuentasReporte.csproj", "{6F9766C4-131B-4AA9-B587-C65FA0FCBCFC}"
EndProject
Global
	GlobalSection(SolutionConfigurationPlatforms) = preSolution
		Debug|Any CPU = Debug|Any CPU
		Release|Any CPU = Release|Any CPU
	EndGlobalSection
	GlobalSection(ProjectConfigurationPlatforms) = postSolution
		{6F9766C4-131B-4AA9-B587-C65FA0FCBCFC}.Debug|Any CPU.ActiveCfg = Debug|Any CPU
		{6F9766C4-131B-4AA9-B587-C65FA0FCBCFC}.Debug|Any CPU.Build.0 = Debug|Any CPU
		{6F9766C4-131B-4AA9-B587-C65FA0FCBCFC}.Release|Any CPU.ActiveCfg = Release|Any CPU
		{6F9766C4-131B-4AA9-B587-C65FA0FCBCFC}.Release|Any CPU.Build.0 = Release|Any CPU
	EndGlobalSection
	GlobalSection(SolutionProperties) = preSolution
		HideSolutionNode = FALSE
	EndGlobalSection
	GlobalSection(ExtensibilityGlobals) = postSolution
		SolutionGuid = {54005EE8-66C9-43BE-B1D1-5592940EDB1D}
	EndGlobalSection
EndGlobal
